// !$*UTF8*$!
{
	archiveVersion = 1;
	classes = {
	};
	objectVersion = 46;
	objects = {

/* Begin PBXBuildFile section */
		3E1DD8621D4CABD5005662B4 /* Constants.swift in Sources */ = {isa = PBXBuildFile; fileRef = 3E1DD8611D4CABD5005662B4 /* Constants.swift */; };
		3E1DD8641D4CB0DE005662B4 /* MembersViewController.swift in Sources */ = {isa = PBXBuildFile; fileRef = 3E1DD8631D4CB0DE005662B4 /* MembersViewController.swift */; };
		3E1DD8691D4CBAC9005662B4 /* MemberListViewController.swift in Sources */ = {isa = PBXBuildFile; fileRef = 3E1DD8681D4CBAC9005662B4 /* MemberListViewController.swift */; };
		3E1DD86B1D4CBB78005662B4 /* MemberListViewModel.swift in Sources */ = {isa = PBXBuildFile; fileRef = 3E1DD86A1D4CBB78005662B4 /* MemberListViewModel.swift */; };
		3E1DD86D1D4CCDB9005662B4 /* MemberViewController.swift in Sources */ = {isa = PBXBuildFile; fileRef = 3E1DD86C1D4CCDB9005662B4 /* MemberViewController.swift */; };
		3E1DD86F1D4CD44E005662B4 /* MemberViewModel.swift in Sources */ = {isa = PBXBuildFile; fileRef = 3E1DD86E1D4CD44E005662B4 /* MemberViewModel.swift */; };
		3EE2F57C1D4CAA7300357F35 /* AppDelegate.swift in Sources */ = {isa = PBXBuildFile; fileRef = 3EE2F57B1D4CAA7300357F35 /* AppDelegate.swift */; };
		3EE2F57E1D4CAA7300357F35 /* StatesViewController.swift in Sources */ = {isa = PBXBuildFile; fileRef = 3EE2F57D1D4CAA7300357F35 /* StatesViewController.swift */; };
		3EE2F5801D4CAA7300357F35 /* SettingsViewController.swift in Sources */ = {isa = PBXBuildFile; fileRef = 3EE2F57F1D4CAA7300357F35 /* SettingsViewController.swift */; };
		3EE2F5831D4CAA7300357F35 /* Main.storyboard in Resources */ = {isa = PBXBuildFile; fileRef = 3EE2F5811D4CAA7300357F35 /* Main.storyboard */; };
		3EE2F5851D4CAA7300357F35 /* Assets.xcassets in Resources */ = {isa = PBXBuildFile; fileRef = 3EE2F5841D4CAA7300357F35 /* Assets.xcassets */; };
		3EE2F5881D4CAA7300357F35 /* LaunchScreen.storyboard in Resources */ = {isa = PBXBuildFile; fileRef = 3EE2F5861D4CAA7300357F35 /* LaunchScreen.storyboard */; };
		3EE2F5931D4CAA7300357F35 /* CongressAppTests.swift in Sources */ = {isa = PBXBuildFile; fileRef = 3EE2F5921D4CAA7300357F35 /* CongressAppTests.swift */; };
		3EE2F59E1D4CAA7300357F35 /* CongressAppUITests.swift in Sources */ = {isa = PBXBuildFile; fileRef = 3EE2F59D1D4CAA7300357F35 /* CongressAppUITests.swift */; };
		96FF8C79EB911B84DE6E0897 /* Pods.framework in Frameworks */ = {isa = PBXBuildFile; fileRef = E11F52E043FE3B13A0348838 /* Pods.framework */; };
/* End PBXBuildFile section */

/* Begin PBXContainerItemProxy section */
		3EE2F58F1D4CAA7300357F35 /* PBXContainerItemProxy */ = {
			isa = PBXContainerItemProxy;
			containerPortal = 3EE2F5701D4CAA7300357F35 /* Project object */;
			proxyType = 1;
			remoteGlobalIDString = 3EE2F5771D4CAA7300357F35;
			remoteInfo = CongressApp;
		};
		3EE2F59A1D4CAA7300357F35 /* PBXContainerItemProxy */ = {
			isa = PBXContainerItemProxy;
			containerPortal = 3EE2F5701D4CAA7300357F35 /* Project object */;
			proxyType = 1;
			remoteGlobalIDString = 3EE2F5771D4CAA7300357F35;
			remoteInfo = CongressApp;
		};
/* End PBXContainerItemProxy section */

/* Begin PBXFileReference section */
		1611E679961B450617D341F8 /* Pods.release.xcconfig */ = {isa = PBXFileReference; includeInIndex = 1; lastKnownFileType = text.xcconfig; name = Pods.release.xcconfig; path = "Pods/Target Support Files/Pods/Pods.release.xcconfig"; sourceTree = "<group>"; };
		3E1DD8611D4CABD5005662B4 /* Constants.swift */ = {isa = PBXFileReference; fileEncoding = 4; lastKnownFileType = sourcecode.swift; path = Constants.swift; sourceTree = "<group>"; };
		3E1DD8631D4CB0DE005662B4 /* MembersViewController.swift */ = {isa = PBXFileReference; fileEncoding = 4; lastKnownFileType = sourcecode.swift; path = MembersViewController.swift; sourceTree = "<group>"; };
		3E1DD8681D4CBAC9005662B4 /* MemberListViewController.swift */ = {isa = PBXFileReference; fileEncoding = 4; lastKnownFileType = sourcecode.swift; path = MemberListViewController.swift; sourceTree = "<group>"; };
		3E1DD86A1D4CBB78005662B4 /* MemberListViewModel.swift */ = {isa = PBXFileReference; fileEncoding = 4; lastKnownFileType = sourcecode.swift; path = MemberListViewModel.swift; sourceTree = "<group>"; };
		3E1DD86C1D4CCDB9005662B4 /* MemberViewController.swift */ = {isa = PBXFileReference; fileEncoding = 4; lastKnownFileType = sourcecode.swift; path = MemberViewController.swift; sourceTree = "<group>"; };
		3E1DD86E1D4CD44E005662B4 /* MemberViewModel.swift */ = {isa = PBXFileReference; fileEncoding = 4; lastKnownFileType = sourcecode.swift; path = MemberViewModel.swift; sourceTree = "<group>"; };
		3EE2F5781D4CAA7300357F35 /* CongressApp.app */ = {isa = PBXFileReference; explicitFileType = wrapper.application; includeInIndex = 0; path = CongressApp.app; sourceTree = BUILT_PRODUCTS_DIR; };
		3EE2F57B1D4CAA7300357F35 /* AppDelegate.swift */ = {isa = PBXFileReference; lastKnownFileType = sourcecode.swift; path = AppDelegate.swift; sourceTree = "<group>"; };
		3EE2F57D1D4CAA7300357F35 /* StatesViewController.swift */ = {isa = PBXFileReference; lastKnownFileType = sourcecode.swift; path = StatesViewController.swift; sourceTree = "<group>"; };
		3EE2F57F1D4CAA7300357F35 /* SettingsViewController.swift */ = {isa = PBXFileReference; lastKnownFileType = sourcecode.swift; path = SettingsViewController.swift; sourceTree = "<group>"; };
		3EE2F5821D4CAA7300357F35 /* Base */ = {isa = PBXFileReference; lastKnownFileType = file.storyboard; name = Base; path = Base.lproj/Main.storyboard; sourceTree = "<group>"; };
		3EE2F5841D4CAA7300357F35 /* Assets.xcassets */ = {isa = PBXFileReference; lastKnownFileType = folder.assetcatalog; path = Assets.xcassets; sourceTree = "<group>"; };
		3EE2F5871D4CAA7300357F35 /* Base */ = {isa = PBXFileReference; lastKnownFileType = file.storyboard; name = Base; path = Base.lproj/LaunchScreen.storyboard; sourceTree = "<group>"; };
		3EE2F5891D4CAA7300357F35 /* Info.plist */ = {isa = PBXFileReference; lastKnownFileType = text.plist.xml; path = Info.plist; sourceTree = "<group>"; };
		3EE2F58E1D4CAA7300357F35 /* CongressAppTests.xctest */ = {isa = PBXFileReference; explicitFileType = wrapper.cfbundle; includeInIndex = 0; path = CongressAppTests.xctest; sourceTree = BUILT_PRODUCTS_DIR; };
		3EE2F5921D4CAA7300357F35 /* CongressAppTests.swift */ = {isa = PBXFileReference; lastKnownFileType = sourcecode.swift; path = CongressAppTests.swift; sourceTree = "<group>"; };
		3EE2F5941D4CAA7300357F35 /* Info.plist */ = {isa = PBXFileReference; lastKnownFileType = text.plist.xml; path = Info.plist; sourceTree = "<group>"; };
		3EE2F5991D4CAA7300357F35 /* CongressAppUITests.xctest */ = {isa = PBXFileReference; explicitFileType = wrapper.cfbundle; includeInIndex = 0; path = CongressAppUITests.xctest; sourceTree = BUILT_PRODUCTS_DIR; };
		3EE2F59D1D4CAA7300357F35 /* CongressAppUITests.swift */ = {isa = PBXFileReference; lastKnownFileType = sourcecode.swift; path = CongressAppUITests.swift; sourceTree = "<group>"; };
		3EE2F59F1D4CAA7300357F35 /* Info.plist */ = {isa = PBXFileReference; lastKnownFileType = text.plist.xml; path = Info.plist; sourceTree = "<group>"; };
		533689CDA682AC78277C360C /* Pods.debug.xcconfig */ = {isa = PBXFileReference; includeInIndex = 1; lastKnownFileType = text.xcconfig; name = Pods.debug.xcconfig; path = "Pods/Target Support Files/Pods/Pods.debug.xcconfig"; sourceTree = "<group>"; };
		E11F52E043FE3B13A0348838 /* Pods.framework */ = {isa = PBXFileReference; explicitFileType = wrapper.framework; includeInIndex = 0; path = Pods.framework; sourceTree = BUILT_PRODUCTS_DIR; };
/* End PBXFileReference section */

/* Begin PBXFrameworksBuildPhase section */
		3EE2F5751D4CAA7300357F35 /* Frameworks */ = {
			isa = PBXFrameworksBuildPhase;
			buildActionMask = 2147483647;
			files = (
				96FF8C79EB911B84DE6E0897 /* Pods.framework in Frameworks */,
			);
			runOnlyForDeploymentPostprocessing = 0;
		};
		3EE2F58B1D4CAA7300357F35 /* Frameworks */ = {
			isa = PBXFrameworksBuildPhase;
			buildActionMask = 2147483647;
			files = (
			);
			runOnlyForDeploymentPostprocessing = 0;
		};
		3EE2F5961D4CAA7300357F35 /* Frameworks */ = {
			isa = PBXFrameworksBuildPhase;
			buildActionMask = 2147483647;
			files = (
			);
			runOnlyForDeploymentPostprocessing = 0;
		};
/* End PBXFrameworksBuildPhase section */

/* Begin PBXGroup section */
		0156C7E623399E40EA7C09E1 /* Pods */ = {
			isa = PBXGroup;
			children = (
				533689CDA682AC78277C360C /* Pods.debug.xcconfig */,
				1611E679961B450617D341F8 /* Pods.release.xcconfig */,
			);
			name = Pods;
			sourceTree = "<group>";
		};
		3E1DD8651D4CBA7A005662B4 /* Cells */ = {
			isa = PBXGroup;
			children = (
			);
			name = Cells;
			sourceTree = "<group>";
		};
		3EE2F56F1D4CAA7300357F35 = {
			isa = PBXGroup;
			children = (
				3EE2F57A1D4CAA7300357F35 /* CongressApp */,
				3EE2F5911D4CAA7300357F35 /* CongressAppTests */,
				3EE2F59C1D4CAA7300357F35 /* CongressAppUITests */,
				3EE2F5791D4CAA7300357F35 /* Products */,
				0156C7E623399E40EA7C09E1 /* Pods */,
				DC0B345D4B95722A3FAAA15D /* Frameworks */,
			);
			sourceTree = "<group>";
		};
		3EE2F5791D4CAA7300357F35 /* Products */ = {
			isa = PBXGroup;
			children = (
				3EE2F5781D4CAA7300357F35 /* CongressApp.app */,
				3EE2F58E1D4CAA7300357F35 /* CongressAppTests.xctest */,
				3EE2F5991D4CAA7300357F35 /* CongressAppUITests.xctest */,
			);
			name = Products;
			sourceTree = "<group>";
		};
		3EE2F57A1D4CAA7300357F35 /* CongressApp */ = {
			isa = PBXGroup;
			children = (
				3E1DD8651D4CBA7A005662B4 /* Cells */,
				3EE2F57B1D4CAA7300357F35 /* AppDelegate.swift */,
				3EE2F57D1D4CAA7300357F35 /* StatesViewController.swift */,
				3EE2F57F1D4CAA7300357F35 /* SettingsViewController.swift */,
				3EE2F5811D4CAA7300357F35 /* Main.storyboard */,
				3EE2F5841D4CAA7300357F35 /* Assets.xcassets */,
				3EE2F5861D4CAA7300357F35 /* LaunchScreen.storyboard */,
				3EE2F5891D4CAA7300357F35 /* Info.plist */,
				3E1DD8611D4CABD5005662B4 /* Constants.swift */,
				3E1DD8631D4CB0DE005662B4 /* MembersViewController.swift */,
				3E1DD8681D4CBAC9005662B4 /* MemberListViewController.swift */,
				3E1DD86A1D4CBB78005662B4 /* MemberListViewModel.swift */,
				3E1DD86C1D4CCDB9005662B4 /* MemberViewController.swift */,
				3E1DD86E1D4CD44E005662B4 /* MemberViewModel.swift */,
			);
			path = CongressApp;
			sourceTree = "<group>";
		};
		3EE2F5911D4CAA7300357F35 /* CongressAppTests */ = {
			isa = PBXGroup;
			children = (
				3EE2F5921D4CAA7300357F35 /* CongressAppTests.swift */,
				3EE2F5941D4CAA7300357F35 /* Info.plist */,
			);
			path = CongressAppTests;
			sourceTree = "<group>";
		};
		3EE2F59C1D4CAA7300357F35 /* CongressAppUITests */ = {
			isa = PBXGroup;
			children = (
				3EE2F59D1D4CAA7300357F35 /* CongressAppUITests.swift */,
				3EE2F59F1D4CAA7300357F35 /* Info.plist */,
			);
			path = CongressAppUITests;
			sourceTree = "<group>";
		};
		DC0B345D4B95722A3FAAA15D /* Frameworks */ = {
			isa = PBXGroup;
			children = (
				E11F52E043FE3B13A0348838 /* Pods.framework */,
			);
			name = Frameworks;
			sourceTree = "<group>";
		};
/* End PBXGroup section */

/* Begin PBXNativeTarget section */
		3EE2F5771D4CAA7300357F35 /* CongressApp */ = {
			isa = PBXNativeTarget;
			buildConfigurationList = 3EE2F5A21D4CAA7300357F35 /* Build configuration list for PBXNativeTarget "CongressApp" */;
			buildPhases = (
				7BC73DBC216A496542DEE060 /* Check Pods Manifest.lock */,
				3EE2F5741D4CAA7300357F35 /* Sources */,
				3EE2F5751D4CAA7300357F35 /* Frameworks */,
				3EE2F5761D4CAA7300357F35 /* Resources */,
				E67F2357B5414FBF52E908A1 /* Embed Pods Frameworks */,
				59BDF2CDAD8C223B34D59D4B /* Copy Pods Resources */,
			);
			buildRules = (
			);
			dependencies = (
			);
			name = CongressApp;
			productName = CongressApp;
			productReference = 3EE2F5781D4CAA7300357F35 /* CongressApp.app */;
			productType = "com.apple.product-type.application";
		};
		3EE2F58D1D4CAA7300357F35 /* CongressAppTests */ = {
			isa = PBXNativeTarget;
			buildConfigurationList = 3EE2F5A51D4CAA7300357F35 /* Build configuration list for PBXNativeTarget "CongressAppTests" */;
			buildPhases = (
				3EE2F58A1D4CAA7300357F35 /* Sources */,
				3EE2F58B1D4CAA7300357F35 /* Frameworks */,
				3EE2F58C1D4CAA7300357F35 /* Resources */,
			);
			buildRules = (
			);
			dependencies = (
				3EE2F5901D4CAA7300357F35 /* PBXTargetDependency */,
			);
			name = CongressAppTests;
			productName = CongressAppTests;
			productReference = 3EE2F58E1D4CAA7300357F35 /* CongressAppTests.xctest */;
			productType = "com.apple.product-type.bundle.unit-test";
		};
		3EE2F5981D4CAA7300357F35 /* CongressAppUITests */ = {
			isa = PBXNativeTarget;
			buildConfigurationList = 3EE2F5A81D4CAA7300357F35 /* Build configuration list for PBXNativeTarget "CongressAppUITests" */;
			buildPhases = (
				3EE2F5951D4CAA7300357F35 /* Sources */,
				3EE2F5961D4CAA7300357F35 /* Frameworks */,
				3EE2F5971D4CAA7300357F35 /* Resources */,
			);
			buildRules = (
			);
			dependencies = (
				3EE2F59B1D4CAA7300357F35 /* PBXTargetDependency */,
			);
			name = CongressAppUITests;
			productName = CongressAppUITests;
			productReference = 3EE2F5991D4CAA7300357F35 /* CongressAppUITests.xctest */;
			productType = "com.apple.product-type.bundle.ui-testing";
		};
/* End PBXNativeTarget section */

/* Begin PBXProject section */
		3EE2F5701D4CAA7300357F35 /* Project object */ = {
			isa = PBXProject;
			attributes = {
				LastSwiftUpdateCheck = 0730;
				LastUpgradeCheck = 0730;
				ORGANIZATIONNAME = "Stephen McMahon";
				TargetAttributes = {
					3EE2F5771D4CAA7300357F35 = {
						CreatedOnToolsVersion = 7.3.1;
					};
					3EE2F58D1D4CAA7300357F35 = {
						CreatedOnToolsVersion = 7.3.1;
						TestTargetID = 3EE2F5771D4CAA7300357F35;
					};
					3EE2F5981D4CAA7300357F35 = {
						CreatedOnToolsVersion = 7.3.1;
						TestTargetID = 3EE2F5771D4CAA7300357F35;
					};
				};
			};
			buildConfigurationList = 3EE2F5731D4CAA7300357F35 /* Build configuration list for PBXProject "CongressApp" */;
			compatibilityVersion = "Xcode 3.2";
			developmentRegion = English;
			hasScannedForEncodings = 0;
			knownRegions = (
				en,
				Base,
			);
			mainGroup = 3EE2F56F1D4CAA7300357F35;
			productRefGroup = 3EE2F5791D4CAA7300357F35 /* Products */;
			projectDirPath = "";
			projectRoot = "";
			targets = (
				3EE2F5771D4CAA7300357F35 /* CongressApp */,
				3EE2F58D1D4CAA7300357F35 /* CongressAppTests */,
				3EE2F5981D4CAA7300357F35 /* CongressAppUITests */,
			);
		};
/* End PBXProject section */

/* Begin PBXResourcesBuildPhase section */
		3EE2F5761D4CAA7300357F35 /* Resources */ = {
			isa = PBXResourcesBuildPhase;
			buildActionMask = 2147483647;
			files = (
				3EE2F5881D4CAA7300357F35 /* LaunchScreen.storyboard in Resources */,
				3EE2F5851D4CAA7300357F35 /* Assets.xcassets in Resources */,
				3EE2F5831D4CAA7300357F35 /* Main.storyboard in Resources */,
			);
			runOnlyForDeploymentPostprocessing = 0;
		};
		3EE2F58C1D4CAA7300357F35 /* Resources */ = {
			isa = PBXResourcesBuildPhase;
			buildActionMask = 2147483647;
			files = (
			);
			runOnlyForDeploymentPostprocessing = 0;
		};
		3EE2F5971D4CAA7300357F35 /* Resources */ = {
			isa = PBXResourcesBuildPhase;
			buildActionMask = 2147483647;
			files = (
			);
			runOnlyForDeploymentPostprocessing = 0;
		};
/* End PBXResourcesBuildPhase section */

/* Begin PBXShellScriptBuildPhase section */
		59BDF2CDAD8C223B34D59D4B /* Copy Pods Resources */ = {
			isa = PBXShellScriptBuildPhase;
			buildActionMask = 2147483647;
			files = (
			);
			inputPaths = (
			);
			name = "Copy Pods Resources";
			outputPaths = (
			);
			runOnlyForDeploymentPostprocessing = 0;
			shellPath = /bin/sh;
			shellScript = "\"${SRCROOT}/Pods/Target Support Files/Pods/Pods-resources.sh\"\n";
			showEnvVarsInLog = 0;
		};
		7BC73DBC216A496542DEE060 /* Check Pods Manifest.lock */ = {
			isa = PBXShellScriptBuildPhase;
			buildActionMask = 2147483647;
			files = (
			);
			inputPaths = (
			);
			name = "Check Pods Manifest.lock";
			outputPaths = (
			);
			runOnlyForDeploymentPostprocessing = 0;
			shellPath = /bin/sh;
			shellScript = "diff \"${PODS_ROOT}/../Podfile.lock\" \"${PODS_ROOT}/Manifest.lock\" > /dev/null\nif [[ $? != 0 ]] ; then\n    cat << EOM\nerror: The sandbox is not in sync with the Podfile.lock. Run 'pod install' or update your CocoaPods installation.\nEOM\n    exit 1\nfi\n";
			showEnvVarsInLog = 0;
		};
		E67F2357B5414FBF52E908A1 /* Embed Pods Frameworks */ = {
			isa = PBXShellScriptBuildPhase;
			buildActionMask = 2147483647;
			files = (
			);
			inputPaths = (
			);
			name = "Embed Pods Frameworks";
			outputPaths = (
			);
			runOnlyForDeploymentPostprocessing = 0;
			shellPath = /bin/sh;
			shellScript = "\"${SRCROOT}/Pods/Target Support Files/Pods/Pods-frameworks.sh\"\n";
			showEnvVarsInLog = 0;
		};
/* End PBXShellScriptBuildPhase section */

/* Begin PBXSourcesBuildPhase section */
		3EE2F5741D4CAA7300357F35 /* Sources */ = {
			isa = PBXSourcesBuildPhase;
			buildActionMask = 2147483647;
			files = (
				3E1DD86B1D4CBB78005662B4 /* MemberListViewModel.swift in Sources */,
				3EE2F5801D4CAA7300357F35 /* SettingsViewController.swift in Sources */,
				3EE2F57C1D4CAA7300357F35 /* AppDelegate.swift in Sources */,
				3E1DD8691D4CBAC9005662B4 /* MemberListViewController.swift in Sources */,
				3E1DD86D1D4CCDB9005662B4 /* MemberViewController.swift in Sources */,
				3E1DD8641D4CB0DE005662B4 /* MembersViewController.swift in Sources */,
				3EE2F57E1D4CAA7300357F35 /* StatesViewController.swift in Sources */,
				3E1DD86F1D4CD44E005662B4 /* MemberViewModel.swift in Sources */,
				3E1DD8621D4CABD5005662B4 /* Constants.swift in Sources */,
			);
			runOnlyForDeploymentPostprocessing = 0;
		};
		3EE2F58A1D4CAA7300357F35 /* Sources */ = {
			isa = PBXSourcesBuildPhase;
			buildActionMask = 2147483647;
			files = (
				3EE2F5931D4CAA7300357F35 /* CongressAppTests.swift in Sources */,
			);
			runOnlyForDeploymentPostprocessing = 0;
		};
		3EE2F5951D4CAA7300357F35 /* Sources */ = {
			isa = PBXSourcesBuildPhase;
			buildActionMask = 2147483647;
			files = (
				3EE2F59E1D4CAA7300357F35 /* CongressAppUITests.swift in Sources */,
			);
			runOnlyForDeploymentPostprocessing = 0;
		};
/* End PBXSourcesBuildPhase section */

/* Begin PBXTargetDependency section */
		3EE2F5901D4CAA7300357F35 /* PBXTargetDependency */ = {
			isa = PBXTargetDependency;
			target = 3EE2F5771D4CAA7300357F35 /* CongressApp */;
			targetProxy = 3EE2F58F1D4CAA7300357F35 /* PBXContainerItemProxy */;
		};
		3EE2F59B1D4CAA7300357F35 /* PBXTargetDependency */ = {
			isa = PBXTargetDependency;
			target = 3EE2F5771D4CAA7300357F35 /* CongressApp */;
			targetProxy = 3EE2F59A1D4CAA7300357F35 /* PBXContainerItemProxy */;
		};
/* End PBXTargetDependency section */

/* Begin PBXVariantGroup section */
		3EE2F5811D4CAA7300357F35 /* Main.storyboard */ = {
			isa = PBXVariantGroup;
			children = (
				3EE2F5821D4CAA7300357F35 /* Base */,
			);
			name = Main.storyboard;
			sourceTree = "<group>";
		};
		3EE2F5861D4CAA7300357F35 /* LaunchScreen.storyboard */ = {
			isa = PBXVariantGroup;
			children = (
				3EE2F5871D4CAA7300357F35 /* Base */,
			);
			name = LaunchScreen.storyboard;
			sourceTree = "<group>";
		};
/* End PBXVariantGroup section */

/* Begin XCBuildConfiguration section */
		3EE2F5A01D4CAA7300357F35 /* Debug */ = {
			isa = XCBuildConfiguration;
			buildSettings = {
				ALWAYS_SEARCH_USER_PATHS = NO;
				CLANG_ANALYZER_NONNULL = YES;
				CLANG_CXX_LANGUAGE_STANDARD = "gnu++0x";
				CLANG_CXX_LIBRARY = "libc++";
				CLANG_ENABLE_MODULES = YES;
				CLANG_ENABLE_OBJC_ARC = YES;
				CLANG_WARN_BOOL_CONVERSION = YES;
				CLANG_WARN_CONSTANT_CONVERSION = YES;
				CLANG_WARN_DIRECT_OBJC_ISA_USAGE = YES_ERROR;
				CLANG_WARN_EMPTY_BODY = YES;
				CLANG_WARN_ENUM_CONVERSION = YES;
				CLANG_WARN_INT_CONVERSION = YES;
				CLANG_WARN_OBJC_ROOT_CLASS = YES_ERROR;
				CLANG_WARN_UNREACHABLE_CODE = YES;
				CLANG_WARN__DUPLICATE_METHOD_MATCH = YES;
				"CODE_SIGN_IDENTITY[sdk=iphoneos*]" = "iPhone Developer";
				COPY_PHASE_STRIP = NO;
				DEBUG_INFORMATION_FORMAT = dwarf;
				ENABLE_STRICT_OBJC_MSGSEND = YES;
				ENABLE_TESTABILITY = YES;
				GCC_C_LANGUAGE_STANDARD = gnu99;
				GCC_DYNAMIC_NO_PIC = NO;
				GCC_NO_COMMON_BLOCKS = YES;
				GCC_OPTIMIZATION_LEVEL = 0;
				GCC_PREPROCESSOR_DEFINITIONS = (
					"DEBUG=1",
					"$(inherited)",
				);
				GCC_WARN_64_TO_32_BIT_CONVERSION = YES;
				GCC_WARN_ABOUT_RETURN_TYPE = YES_ERROR;
				GCC_WARN_UNDECLARED_SELECTOR = YES;
				GCC_WARN_UNINITIALIZED_AUTOS = YES_AGGRESSIVE;
				GCC_WARN_UNUSED_FUNCTION = YES;
				GCC_WARN_UNUSED_VARIABLE = YES;
				IPHONEOS_DEPLOYMENT_TARGET = 9.3;
				MTL_ENABLE_DEBUG_INFO = YES;
				ONLY_ACTIVE_ARCH = YES;
				SDKROOT = iphoneos;
				SWIFT_OPTIMIZATION_LEVEL = "-Onone";
				TARGETED_DEVICE_FAMILY = "1,2";
			};
			name = Debug;
		};
		3EE2F5A11D4CAA7300357F35 /* Release */ = {
			isa = XCBuildConfiguration;
			buildSettings = {
				ALWAYS_SEARCH_USER_PATHS = NO;
				CLANG_ANALYZER_NONNULL = YES;
				CLANG_CXX_LANGUAGE_STANDARD = "gnu++0x";
				CLANG_CXX_LIBRARY = "libc++";
				CLANG_ENABLE_MODULES = YES;
				CLANG_ENABLE_OBJC_ARC = YES;
				CLANG_WARN_BOOL_CONVERSION = YES;
				CLANG_WARN_CONSTANT_CONVERSION = YES;
				CLANG_WARN_DIRECT_OBJC_ISA_USAGE = YES_ERROR;
				CLANG_WARN_EMPTY_BODY = YES;
				CLANG_WARN_ENUM_CONVERSION = YES;
				CLANG_WARN_INT_CONVERSION = YES;
				CLANG_WARN_OBJC_ROOT_CLASS = YES_ERROR;
				CLANG_WARN_UNREACHABLE_CODE = YES;
				CLANG_WARN__DUPLICATE_METHOD_MATCH = YES;
				"CODE_SIGN_IDENTITY[sdk=iphoneos*]" = "iPhone Developer";
				COPY_PHASE_STRIP = NO;
				DEBUG_INFORMATION_FORMAT = "dwarf-with-dsym";
				ENABLE_NS_ASSERTIONS = NO;
				ENABLE_STRICT_OBJC_MSGSEND = YES;
				GCC_C_LANGUAGE_STANDARD = gnu99;
				GCC_NO_COMMON_BLOCKS = YES;
				GCC_WARN_64_TO_32_BIT_CONVERSION = YES;
				GCC_WARN_ABOUT_RETURN_TYPE = YES_ERROR;
				GCC_WARN_UNDECLARED_SELECTOR = YES;
				GCC_WARN_UNINITIALIZED_AUTOS = YES_AGGRESSIVE;
				GCC_WARN_UNUSED_FUNCTION = YES;
				GCC_WARN_UNUSED_VARIABLE = YES;
				IPHONEOS_DEPLOYMENT_TARGET = 9.3;
				MTL_ENABLE_DEBUG_INFO = NO;
				SDKROOT = iphoneos;
				TARGETED_DEVICE_FAMILY = "1,2";
				VALIDATE_PRODUCT = YES;
			};
			name = Release;
		};
		3EE2F5A31D4CAA7300357F35 /* Debug */ = {
			isa = XCBuildConfiguration;
			baseConfigurationReference = 533689CDA682AC78277C360C /* Pods.debug.xcconfig */;
			buildSettings = {
				ASSETCATALOG_COMPILER_APPICON_NAME = AppIcon;
				INFOPLIST_FILE = CongressApp/Info.plist;
				LD_RUNPATH_SEARCH_PATHS = "$(inherited) @executable_path/Frameworks";
				PRODUCT_BUNDLE_IDENTIFIER = com.slmcmahon.CongressApp;
				PRODUCT_NAME = "$(TARGET_NAME)";
			};
			name = Debug;
		};
		3EE2F5A41D4CAA7300357F35 /* Release */ = {
			isa = XCBuildConfiguration;
			baseConfigurationReference = 1611E679961B450617D341F8 /* Pods.release.xcconfig */;
			buildSettings = {
				ASSETCATALOG_COMPILER_APPICON_NAME = AppIcon;
				INFOPLIST_FILE = CongressApp/Info.plist;
				LD_RUNPATH_SEARCH_PATHS = "$(inherited) @executable_path/Frameworks";
				PRODUCT_BUNDLE_IDENTIFIER = com.slmcmahon.CongressApp;
				PRODUCT_NAME = "$(TARGET_NAME)";
			};
			name = Release;
		};
		3EE2F5A61D4CAA7300357F35 /* Debug */ = {
			isa = XCBuildConfiguration;
			buildSettings = {
				BUNDLE_LOADER = "$(TEST_HOST)";
				INFOPLIST_FILE = CongressAppTests/Info.plist;
				LD_RUNPATH_SEARCH_PATHS = "$(inherited) @executable_path/Frameworks @loader_path/Frameworks";
				PRODUCT_BUNDLE_IDENTIFIER = com.slmcmahon.CongressAppTests;
				PRODUCT_NAME = "$(TARGET_NAME)";
				TEST_HOST = "$(BUILT_PRODUCTS_DIR)/CongressApp.app/CongressApp";
			};
			name = Debug;
		};
		3EE2F5A71D4CAA7300357F35 /* Release */ = {
			isa = XCBuildConfiguration;
			buildSettings = {
				BUNDLE_LOADER = "$(TEST_HOST)";
				INFOPLIST_FILE = CongressAppTests/Info.plist;
				LD_RUNPATH_SEARCH_PATHS = "$(inherited) @executable_path/Frameworks @loader_path/Frameworks";
				PRODUCT_BUNDLE_IDENTIFIER = com.slmcmahon.CongressAppTests;
				PRODUCT_NAME = "$(TARGET_NAME)";
				TEST_HOST = "$(BUILT_PRODUCTS_DIR)/CongressApp.app/CongressApp";
			};
			name = Release;
		};
		3EE2F5A91D4CAA7300357F35 /* Debug */ = {
			isa = XCBuildConfiguration;
			buildSettings = {
				INFOPLIST_FILE = CongressAppUITests/Info.plist;
				LD_RUNPATH_SEARCH_PATHS = "$(inherited) @executable_path/Frameworks @loader_path/Frameworks";
				PRODUCT_BUNDLE_IDENTIFIER = com.slmcmahon.CongressAppUITests;
				PRODUCT_NAME = "$(TARGET_NAME)";
				TEST_TARGET_NAME = CongressApp;
			};
			name = Debug;
		};
		3EE2F5AA1D4CAA7300357F35 /* Release */ = {
			isa = XCBuildConfiguration;
			buildSettings = {
				INFOPLIST_FILE = CongressAppUITests/Info.plist;
				LD_RUNPATH_SEARCH_PATHS = "$(inherited) @executable_path/Frameworks @loader_path/Frameworks";
				PRODUCT_BUNDLE_IDENTIFIER = com.slmcmahon.CongressAppUITests;
				PRODUCT_NAME = "$(TARGET_NAME)";
				TEST_TARGET_NAME = CongressApp;
			};
			name = Release;
		};
/* End XCBuildConfiguration section */

/* Begin XCConfigurationList section */
		3EE2F5731D4CAA7300357F35 /* Build configuration list for PBXProject "CongressApp" */ = {
			isa = XCConfigurationList;
			buildConfigurations = (
				3EE2F5A01D4CAA7300357F35 /* Debug */,
				3EE2F5A11D4CAA7300357F35 /* Release */,
			);
			defaultConfigurationIsVisible = 0;
			defaultConfigurationName = Release;
		};
		3EE2F5A21D4CAA7300357F35 /* Build configuration list for PBXNativeTarget "CongressApp" */ = {
			isa = XCConfigurationList;
			buildConfigurations = (
				3EE2F5A31D4CAA7300357F35 /* Debug */,
				3EE2F5A41D4CAA7300357F35 /* Release */,
			);
			defaultConfigurationIsVisible = 0;
			defaultConfigurationName = Release;
		};
		3EE2F5A51D4CAA7300357F35 /* Build configuration list for PBXNativeTarget "CongressAppTests" */ = {
			isa = XCConfigurationList;
			buildConfigurations = (
				3EE2F5A61D4CAA7300357F35 /* Debug */,
				3EE2F5A71D4CAA7300357F35 /* Release */,
			);
			defaultConfigurationIsVisible = 0;
			defaultConfigurationName = Release;
		};
		3EE2F5A81D4CAA7300357F35 /* Build configuration list for PBXNativeTarget "CongressAppUITests" */ = {
			isa = XCConfigurationList;
			buildConfigurations = (
				3EE2F5A91D4CAA7300357F35 /* Debug */,
				3EE2F5AA1D4CAA7300357F35 /* Release */,
			);
			defaultConfigurationIsVisible = 0;
			defaultConfigurationName = Release;
		};
/* End XCConfigurationList section */
	};
	rootObject = 3EE2F5701D4CAA7300357F35 /* Project object */;
}
